
Microsoft Visual Studio Solution File, Format Version 12.00
# Visual Studio 2013
VisualStudioVersion = 12.0.40629.0
MinimumVisualStudioVersion = 10.0.40219.1
Project("{8BC9CEB8-8B4A-11D0-8D11-00A0C91BC942}") = "Teacher", "Teacher\Teacher.vcxproj", "{FBE3E0B3-40B9-4DE2-88D6-A6FD171D9B96}"
	ProjectSection(ProjectDependencies) = postProject
		{006F4FEE-F79C-449E-BE3C-CA7B7DCC654C} = {006F4FEE-F79C-449E-BE3C-CA7B7DCC654C}
		{90E0E5FD-4AB3-411A-9BC0-8704EA6293FC} = {90E0E5FD-4AB3-411A-9BC0-8704EA6293FC}
	EndProjectSection
EndProject
Project("{8BC9CEB8-8B4A-11D0-8D11-00A0C91BC942}") = "Net", "Net\Net.vcxproj", "{006F4FEE-F79C-449E-BE3C-CA7B7DCC654C}"
EndProject
Project("{8BC9CEB8-8B4A-11D0-8D11-00A0C91BC942}") = "Student", "Student\Student.vcxproj", "{62172AB9-8E27-40C9-876E-B0D06D3BA6F2}"
	ProjectSection(ProjectDependencies) = postProject
		{006F4FEE-F79C-449E-BE3C-CA7B7DCC654C} = {006F4FEE-F79C-449E-BE3C-CA7B7DCC654C}
		{90E0E5FD-4AB3-411A-9BC0-8704EA6293FC} = {90E0E5FD-4AB3-411A-9BC0-8704EA6293FC}
	EndProjectSection
EndProject
Project("{8BC9CEB8-8B4A-11D0-8D11-00A0C91BC942}") = "Core", "Core\Core.vcxproj", "{90E0E5FD-4AB3-411A-9BC0-8704EA6293FC}"
EndProject
Project("{8BC9CEB8-8B4A-11D0-8D11-00A0C91BC942}") = "Server", "Server\Server.vcxproj", "{19418C99-147C-47BC-B7C3-256EA6A1A57D}"
	ProjectSection(ProjectDependencies) = postProject
		{006F4FEE-F79C-449E-BE3C-CA7B7DCC654C} = {006F4FEE-F79C-449E-BE3C-CA7B7DCC654C}
		{90E0E5FD-4AB3-411A-9BC0-8704EA6293FC} = {90E0E5FD-4AB3-411A-9BC0-8704EA6293FC}
	EndProjectSection
EndProject
Global
	GlobalSection(SolutionConfigurationPlatforms) = preSolution
		Debug|Win32 = Debug|Win32
		Debug|x64 = Debug|x64
		Release|Win32 = Release|Win32
		Release|x64 = Release|x64
	EndGlobalSection
	GlobalSection(ProjectConfigurationPlatforms) = postSolution
		{FBE3E0B3-40B9-4DE2-88D6-A6FD171D9B96}.Debug|Win32.ActiveCfg = Debug|Win32
		{FBE3E0B3-40B9-4DE2-88D6-A6FD171D9B96}.Debug|Win32.Build.0 = Debug|Win32
		{FBE3E0B3-40B9-4DE2-88D6-A6FD171D9B96}.Debug|x64.ActiveCfg = Debug|Win32
		{FBE3E0B3-40B9-4DE2-88D6-A6FD171D9B96}.Release|Win32.ActiveCfg = Release|Win32
		{FBE3E0B3-40B9-4DE2-88D6-A6FD171D9B96}.Release|Win32.Build.0 = Release|Win32
		{FBE3E0B3-40B9-4DE2-88D6-A6FD171D9B96}.Release|x64.ActiveCfg = Release|Win32
		{006F4FEE-F79C-449E-BE3C-CA7B7DCC654C}.Debug|Win32.ActiveCfg = Debug|Win32
		{006F4FEE-F79C-449E-BE3C-CA7B7DCC654C}.Debug|Win32.Build.0 = Debug|Win32
		{006F4FEE-F79C-449E-BE3C-CA7B7DCC654C}.Debug|x64.ActiveCfg = Debug|x64
		{006F4FEE-F79C-449E-BE3C-CA7B7DCC654C}.Debug|x64.Build.0 = Debug|x64
		{006F4FEE-F79C-449E-BE3C-CA7B7DCC654C}.Release|Win32.ActiveCfg = Release|Win32
		{006F4FEE-F79C-449E-BE3C-CA7B7DCC654C}.Release|Win32.Build.0 = Release|Win32
		{006F4FEE-F79C-449E-BE3C-CA7B7DCC654C}.Release|x64.ActiveCfg = Release|x64
		{006F4FEE-F79C-449E-BE3C-CA7B7DCC654C}.Release|x64.Build.0 = Release|x64
		{62172AB9-8E27-40C9-876E-B0D06D3BA6F2}.Debug|Win32.ActiveCfg = Debug|Win32
		{62172AB9-8E27-40C9-876E-B0D06D3BA6F2}.Debug|Win32.Build.0 = Debug|Win32
		{62172AB9-8E27-40C9-876E-B0D06D3BA6F2}.Debug|x64.ActiveCfg = Debug|Win32
		{62172AB9-8E27-40C9-876E-B0D06D3BA6F2}.Release|Win32.ActiveCfg = Release|Win32
		{62172AB9-8E27-40C9-876E-B0D06D3BA6F2}.Release|Win32.Build.0 = Release|Win32
		{62172AB9-8E27-40C9-876E-B0D06D3BA6F2}.Release|x64.ActiveCfg = Release|Win32
		{90E0E5FD-4AB3-411A-9BC0-8704EA6293FC}.Debug|Win32.ActiveCfg = Debug|Win32
		{90E0E5FD-4AB3-411A-9BC0-8704EA6293FC}.Debug|Win32.Build.0 = Debug|Win32
		{90E0E5FD-4AB3-411A-9BC0-8704EA6293FC}.Debug|x64.ActiveCfg = Debug|Win32
		{90E0E5FD-4AB3-411A-9BC0-8704EA6293FC}.Release|Win32.ActiveCfg = Release|Win32
		{90E0E5FD-4AB3-411A-9BC0-8704EA6293FC}.Release|Win32.Build.0 = Release|Win32
		{90E0E5FD-4AB3-411A-9BC0-8704EA6293FC}.Release|x64.ActiveCfg = Release|Win32
		{19418C99-147C-47BC-B7C3-256EA6A1A57D}.Debug|Win32.ActiveCfg = Debug|Win32
		{19418C99-147C-47BC-B7C3-256EA6A1A57D}.Debug|Win32.Build.0 = Debug|Win32
		{19418C99-147C-47BC-B7C3-256EA6A1A57D}.Debug|x64.ActiveCfg = Debug|Win32
		{19418C99-147C-47BC-B7C3-256EA6A1A57D}.Release|Win32.ActiveCfg = Release|Win32
		{19418C99-147C-47BC-B7C3-256EA6A1A57D}.Release|Win32.Build.0 = Release|Win32
		{19418C99-147C-47BC-B7C3-256EA6A1A57D}.Release|x64.ActiveCfg = Release|Win32
	EndGlobalSection
	GlobalSection(SolutionProperties) = preSolution
		HideSolutionNode = FALSE
	EndGlobalSection
EndGlobal
